
Microsoft Visual Studio Solution File, Format Version 12.00
# Visual Studio Version 16
VisualStudioVersion = 16.0.30204.135
MinimumVisualStudioVersion = 10.0.40219.1
Project("{9A19103F-16F7-4668-BE54-9A1E7A4F7556}") = "Studio", "Studio\Studio.csproj", "{BA59BC87-962E-44A6-B86B-89DFC2FA5F60}"
EndProject
Project("{FAE04EC0-301F-11D3-BF4B-00C04F79EFBC}") = "Runtime", "Runtime\Runtime.csproj", "{4714EAC6-EAC8-4D7D-A5A5-F7C9220C7884}"
EndProject
Global
	GlobalSection(SolutionConfigurationPlatforms) = preSolution
		Debug|Any CPU = Debug|Any CPU
		Release|Any CPU = Release|Any CPU
	EndGlobalSection
	GlobalSection(ProjectConfigurationPlatforms) = postSolution
		{BA59BC87-962E-44A6-B86B-89DFC2FA5F60}.Debug|Any CPU.ActiveCfg = Debug|Any CPU
		{BA59BC87-962E-44A6-B86B-89DFC2FA5F60}.Debug|Any CPU.Build.0 = Debug|Any CPU
		{BA59BC87-962E-44A6-B86B-89DFC2FA5F60}.Release|Any CPU.ActiveCfg = Release|Any CPU
		{BA59BC87-962E-44A6-B86B-89DFC2FA5F60}.Release|Any CPU.Build.0 = Release|Any CPU
		{4714EAC6-EAC8-4D7D-A5A5-F7C9220C7884}.Debug|Any CPU.ActiveCfg = Debug|Any CPU
		{4714EAC6-EAC8-4D7D-A5A5-F7C9220C7884}.Debug|Any CPU.Build.0 = Debug|Any CPU
		{4714EAC6-EAC8-4D7D-A5A5-F7C9220C7884}.Release|Any CPU.ActiveCfg = Release|Any CPU
		{4714EAC6-EAC8-4D7D-A5A5-F7C9220C7884}.Release|Any CPU.Build.0 = Release|Any CPU
	EndGlobalSection
	GlobalSection(SolutionProperties) = preSolution
		HideSolutionNode = FALSE
	EndGlobalSection
	GlobalSection(ExtensibilityGlobals) = postSolution
		SolutionGuid = {B45B557C-05FF-4039-84CF-C3D148307A42}
	EndGlobalSection
EndGlobal
